// !$*UTF8*$!
{
	archiveVersion = 1;
	classes = {
	};
	objectVersion = 50;
	objects = {

/* Begin PBXBuildFile section */
		400B4F2823DCF6B900511C1D /* AppDelegate.swift in Sources */ = {isa = PBXBuildFile; fileRef = 400B4F2723DCF6B900511C1D /* AppDelegate.swift */; };
		400B4F2A23DCF6B900511C1D /* SceneDelegate.swift in Sources */ = {isa = PBXBuildFile; fileRef = 400B4F2923DCF6B900511C1D /* SceneDelegate.swift */; };
		400B4F2C23DCF6B900511C1D /* SelectionViewController.swift in Sources */ = {isa = PBXBuildFile; fileRef = 400B4F2B23DCF6B900511C1D /* SelectionViewController.swift */; };
		400B4F2F23DCF6B900511C1D /* Main.storyboard in Resources */ = {isa = PBXBuildFile; fileRef = 400B4F2D23DCF6B900511C1D /* Main.storyboard */; };
		400B4F3123DCF6BA00511C1D /* Assets.xcassets in Resources */ = {isa = PBXBuildFile; fileRef = 400B4F3023DCF6BA00511C1D /* Assets.xcassets */; };
		400B4F3423DCF6BA00511C1D /* LaunchScreen.storyboard in Resources */ = {isa = PBXBuildFile; fileRef = 400B4F3223DCF6BA00511C1D /* LaunchScreen.storyboard */; };
		400B4F4023DCF76800511C1D /* BaseViewController.swift in Sources */ = {isa = PBXBuildFile; fileRef = 400B4F3F23DCF76800511C1D /* BaseViewController.swift */; };
		400B4F4423DCF7A300511C1D /* BaseViewModel.swift in Sources */ = {isa = PBXBuildFile; fileRef = 400B4F4323DCF7A300511C1D /* BaseViewModel.swift */; };
		40F0D9DA23F781E300FF4641 /* SelectionRouter.swift in Sources */ = {isa = PBXBuildFile; fileRef = 40F0D9D923F781E300FF4641 /* SelectionRouter.swift */; };
		40F0D9DD23F7828100FF4641 /* Selection.swift in Sources */ = {isa = PBXBuildFile; fileRef = 40F0D9DC23F7828100FF4641 /* Selection.swift */; };
/* End PBXBuildFile section */

/* Begin PBXFileReference section */
		400B4F2423DCF6B900511C1D /* Dealer.app */ = {isa = PBXFileReference; explicitFileType = wrapper.application; includeInIndex = 0; path = Dealer.app; sourceTree = BUILT_PRODUCTS_DIR; };
		400B4F2723DCF6B900511C1D /* AppDelegate.swift */ = {isa = PBXFileReference; lastKnownFileType = sourcecode.swift; path = AppDelegate.swift; sourceTree = "<group>"; };
		400B4F2923DCF6B900511C1D /* SceneDelegate.swift */ = {isa = PBXFileReference; lastKnownFileType = sourcecode.swift; path = SceneDelegate.swift; sourceTree = "<group>"; };
		400B4F2B23DCF6B900511C1D /* SelectionViewController.swift */ = {isa = PBXFileReference; lastKnownFileType = sourcecode.swift; path = SelectionViewController.swift; sourceTree = "<group>"; };
		400B4F2E23DCF6B900511C1D /* Base */ = {isa = PBXFileReference; lastKnownFileType = file.storyboard; name = Base; path = Base.lproj/Main.storyboard; sourceTree = "<group>"; };
		400B4F3023DCF6BA00511C1D /* Assets.xcassets */ = {isa = PBXFileReference; lastKnownFileType = folder.assetcatalog; path = Assets.xcassets; sourceTree = "<group>"; };
		400B4F3323DCF6BA00511C1D /* Base */ = {isa = PBXFileReference; lastKnownFileType = file.storyboard; name = Base; path = Base.lproj/LaunchScreen.storyboard; sourceTree = "<group>"; };
		400B4F3523DCF6BA00511C1D /* Info.plist */ = {isa = PBXFileReference; lastKnownFileType = text.plist.xml; path = Info.plist; sourceTree = "<group>"; };
		400B4F3F23DCF76800511C1D /* BaseViewController.swift */ = {isa = PBXFileReference; lastKnownFileType = sourcecode.swift; path = BaseViewController.swift; sourceTree = "<group>"; };
		400B4F4323DCF7A300511C1D /* BaseViewModel.swift */ = {isa = PBXFileReference; lastKnownFileType = sourcecode.swift; path = BaseViewModel.swift; sourceTree = "<group>"; };
		40F0D9D923F781E300FF4641 /* SelectionRouter.swift */ = {isa = PBXFileReference; lastKnownFileType = sourcecode.swift; path = SelectionRouter.swift; sourceTree = "<group>"; };
		40F0D9DC23F7828100FF4641 /* Selection.swift */ = {isa = PBXFileReference; lastKnownFileType = sourcecode.swift; path = Selection.swift; sourceTree = "<group>"; };
/* End PBXFileReference section */

/* Begin PBXFrameworksBuildPhase section */
		400B4F2123DCF6B900511C1D /* Frameworks */ = {
			isa = PBXFrameworksBuildPhase;
			buildActionMask = 2147483647;
			files = (
			);
			runOnlyForDeploymentPostprocessing = 0;
		};
/* End PBXFrameworksBuildPhase section */

/* Begin PBXGroup section */
		400B4F1B23DCF6B900511C1D = {
			isa = PBXGroup;
			children = (
				400B4F2623DCF6B900511C1D /* Dealer */,
				400B4F2523DCF6B900511C1D /* Products */,
			);
			sourceTree = "<group>";
		};
		400B4F2523DCF6B900511C1D /* Products */ = {
			isa = PBXGroup;
			children = (
				400B4F2423DCF6B900511C1D /* Dealer.app */,
			);
			name = Products;
			sourceTree = "<group>";
		};
		400B4F2623DCF6B900511C1D /* Dealer */ = {
			isa = PBXGroup;
			children = (
				400B4F3E23DCF75C00511C1D /* Base */,
				400B4F3C23DCF72800511C1D /* Scenes */,
				400B4F2723DCF6B900511C1D /* AppDelegate.swift */,
				400B4F2923DCF6B900511C1D /* SceneDelegate.swift */,
				400B4F3023DCF6BA00511C1D /* Assets.xcassets */,
				400B4F3223DCF6BA00511C1D /* LaunchScreen.storyboard */,
				400B4F3523DCF6BA00511C1D /* Info.plist */,
			);
			path = Dealer;
			sourceTree = "<group>";
		};
		400B4F3C23DCF72800511C1D /* Scenes */ = {
			isa = PBXGroup;
			children = (
				400B4F3D23DCF72E00511C1D /* Selection */,
			);
			path = Scenes;
			sourceTree = "<group>";
		};
		400B4F3D23DCF72E00511C1D /* Selection */ = {
			isa = PBXGroup;
			children = (
				400B4F2B23DCF6B900511C1D /* SelectionViewController.swift */,
				400B4F2D23DCF6B900511C1D /* Main.storyboard */,
				40F0D9D923F781E300FF4641 /* SelectionRouter.swift */,
			);
			path = Selection;
			sourceTree = "<group>";
		};
		400B4F3E23DCF75C00511C1D /* Base */ = {
			isa = PBXGroup;
			children = (
				40F0D9DB23F7827600FF4641 /* Enums */,
				400B4F3F23DCF76800511C1D /* BaseViewController.swift */,
				400B4F4323DCF7A300511C1D /* BaseViewModel.swift */,
			);
			path = Base;
			sourceTree = "<group>";
		};
		40F0D9DB23F7827600FF4641 /* Enums */ = {
			isa = PBXGroup;
			children = (
				40F0D9DC23F7828100FF4641 /* Selection.swift */,
			);
			path = Enums;
			sourceTree = "<group>";
		};
/* End PBXGroup section */

/* Begin PBXNativeTarget section */
		400B4F2323DCF6B900511C1D /* Dealer */ = {
			isa = PBXNativeTarget;
			buildConfigurationList = 400B4F3823DCF6BA00511C1D /* Build configuration list for PBXNativeTarget "Dealer" */;
			buildPhases = (
				400B4F2023DCF6B900511C1D /* Sources */,
				400B4F2123DCF6B900511C1D /* Frameworks */,
				400B4F2223DCF6B900511C1D /* Resources */,
			);
			buildRules = (
			);
			dependencies = (
			);
			name = Dealer;
			productName = Dealer;
			productReference = 400B4F2423DCF6B900511C1D /* Dealer.app */;
			productType = "com.apple.product-type.application";
		};
/* End PBXNativeTarget section */

/* Begin PBXProject section */
		400B4F1C23DCF6B900511C1D /* Project object */ = {
			isa = PBXProject;
			attributes = {
				LastSwiftUpdateCheck = 1130;
				LastUpgradeCheck = 1130;
				ORGANIZATIONNAME = "Deniz Mavi";
				TargetAttributes = {
					400B4F2323DCF6B900511C1D = {
						CreatedOnToolsVersion = 11.3;
					};
				};
			};
			buildConfigurationList = 400B4F1F23DCF6B900511C1D /* Build configuration list for PBXProject "Dealer" */;
			compatibilityVersion = "Xcode 9.3";
			developmentRegion = en;
			hasScannedForEncodings = 0;
			knownRegions = (
				en,
				Base,
			);
			mainGroup = 400B4F1B23DCF6B900511C1D;
			productRefGroup = 400B4F2523DCF6B900511C1D /* Products */;
			projectDirPath = "";
			projectRoot = "";
			targets = (
				400B4F2323DCF6B900511C1D /* Dealer */,
			);
		};
/* End PBXProject section */

/* Begin PBXResourcesBuildPhase section */
		400B4F2223DCF6B900511C1D /* Resources */ = {
			isa = PBXResourcesBuildPhase;
			buildActionMask = 2147483647;
			files = (
				400B4F3423DCF6BA00511C1D /* LaunchScreen.storyboard in Resources */,
				400B4F3123DCF6BA00511C1D /* Assets.xcassets in Resources */,
				400B4F2F23DCF6B900511C1D /* Main.storyboard in Resources */,
			);
			runOnlyForDeploymentPostprocessing = 0;
		};
/* End PBXResourcesBuildPhase section */

/* Begin PBXSourcesBuildPhase section */
		400B4F2023DCF6B900511C1D /* Sources */ = {
			isa = PBXSourcesBuildPhase;
			buildActionMask = 2147483647;
			files = (
				40F0D9DD23F7828100FF4641 /* Selection.swift in Sources */,
				400B4F2C23DCF6B900511C1D /* SelectionViewController.swift in Sources */,
				40F0D9DA23F781E300FF4641 /* SelectionRouter.swift in Sources */,
				400B4F4423DCF7A300511C1D /* BaseViewModel.swift in Sources */,
				400B4F4023DCF76800511C1D /* BaseViewController.swift in Sources */,
				400B4F2823DCF6B900511C1D /* AppDelegate.swift in Sources */,
				400B4F2A23DCF6B900511C1D /* SceneDelegate.swift in Sources */,
			);
			runOnlyForDeploymentPostprocessing = 0;
		};
/* End PBXSourcesBuildPhase section */

/* Begin PBXVariantGroup section */
		400B4F2D23DCF6B900511C1D /* Main.storyboard */ = {
			isa = PBXVariantGroup;
			children = (
				400B4F2E23DCF6B900511C1D /* Base */,
			);
			name = Main.storyboard;
			sourceTree = "<group>";
		};
		400B4F3223DCF6BA00511C1D /* LaunchScreen.storyboard */ = {
			isa = PBXVariantGroup;
			children = (
				400B4F3323DCF6BA00511C1D /* Base */,
			);
			name = LaunchScreen.storyboard;
			sourceTree = "<group>";
		};
/* End PBXVariantGroup section */

/* Begin XCBuildConfiguration section */
		400B4F3623DCF6BA00511C1D /* Debug */ = {
			isa = XCBuildConfiguration;
			buildSettings = {
				ALWAYS_SEARCH_USER_PATHS = NO;
				CLANG_ANALYZER_NONNULL = YES;
				CLANG_ANALYZER_NUMBER_OBJECT_CONVERSION = YES_AGGRESSIVE;
				CLANG_CXX_LANGUAGE_STANDARD = "gnu++14";
				CLANG_CXX_LIBRARY = "libc++";
				CLANG_ENABLE_MODULES = YES;
				CLANG_ENABLE_OBJC_ARC = YES;
				CLANG_ENABLE_OBJC_WEAK = YES;
				CLANG_WARN_BLOCK_CAPTURE_AUTORELEASING = YES;
				CLANG_WARN_BOOL_CONVERSION = YES;
				CLANG_WARN_COMMA = YES;
				CLANG_WARN_CONSTANT_CONVERSION = YES;
				CLANG_WARN_DEPRECATED_OBJC_IMPLEMENTATIONS = YES;
				CLANG_WARN_DIRECT_OBJC_ISA_USAGE = YES_ERROR;
				CLANG_WARN_DOCUMENTATION_COMMENTS = YES;
				CLANG_WARN_EMPTY_BODY = YES;
				CLANG_WARN_ENUM_CONVERSION = YES;
				CLANG_WARN_INFINITE_RECURSION = YES;
				CLANG_WARN_INT_CONVERSION = YES;
				CLANG_WARN_NON_LITERAL_NULL_CONVERSION = YES;
				CLANG_WARN_OBJC_IMPLICIT_RETAIN_SELF = YES;
				CLANG_WARN_OBJC_LITERAL_CONVERSION = YES;
				CLANG_WARN_OBJC_ROOT_CLASS = YES_ERROR;
				CLANG_WARN_RANGE_LOOP_ANALYSIS = YES;
				CLANG_WARN_STRICT_PROTOTYPES = YES;
				CLANG_WARN_SUSPICIOUS_MOVE = YES;
				CLANG_WARN_UNGUARDED_AVAILABILITY = YES_AGGRESSIVE;
				CLANG_WARN_UNREACHABLE_CODE = YES;
				CLANG_WARN__DUPLICATE_METHOD_MATCH = YES;
				COPY_PHASE_STRIP = NO;
				DEBUG_INFORMATION_FORMAT = dwarf;
				ENABLE_STRICT_OBJC_MSGSEND = YES;
				ENABLE_TESTABILITY = YES;
				GCC_C_LANGUAGE_STANDARD = gnu11;
				GCC_DYNAMIC_NO_PIC = NO;
				GCC_NO_COMMON_BLOCKS = YES;
				GCC_OPTIMIZATION_LEVEL = 0;
				GCC_PREPROCESSOR_DEFINITIONS = (
					"DEBUG=1",
					"$(inherited)",
				);
				GCC_WARN_64_TO_32_BIT_CONVERSION = YES;
				GCC_WARN_ABOUT_RETURN_TYPE = YES_ERROR;
				GCC_WARN_UNDECLARED_SELECTOR = YES;
				GCC_WARN_UNINITIALIZED_AUTOS = YES_AGGRESSIVE;
				GCC_WARN_UNUSED_FUNCTION = YES;
				GCC_WARN_UNUSED_VARIABLE = YES;
				IPHONEOS_DEPLOYMENT_TARGET = 13.2;
				MTL_ENABLE_DEBUG_INFO = INCLUDE_SOURCE;
				MTL_FAST_MATH = YES;
				ONLY_ACTIVE_ARCH = YES;
				SDKROOT = iphoneos;
				SWIFT_ACTIVE_COMPILATION_CONDITIONS = DEBUG;
				SWIFT_OPTIMIZATION_LEVEL = "-Onone";
			};
			name = Debug;
		};
		400B4F3723DCF6BA00511C1D /* Release */ = {
			isa = XCBuildConfiguration;
			buildSettings = {
				ALWAYS_SEARCH_USER_PATHS = NO;
				CLANG_ANALYZER_NONNULL = YES;
				CLANG_ANALYZER_NUMBER_OBJECT_CONVERSION = YES_AGGRESSIVE;
				CLANG_CXX_LANGUAGE_STANDARD = "gnu++14";
				CLANG_CXX_LIBRARY = "libc++";
				CLANG_ENABLE_MODULES = YES;
				CLANG_ENABLE_OBJC_ARC = YES;
				CLANG_ENABLE_OBJC_WEAK = YES;
				CLANG_WARN_BLOCK_CAPTURE_AUTORELEASING = YES;
				CLANG_WARN_BOOL_CONVERSION = YES;
				CLANG_WARN_COMMA = YES;
				CLANG_WARN_CONSTANT_CONVERSION = YES;
				CLANG_WARN_DEPRECATED_OBJC_IMPLEMENTATIONS = YES;
				CLANG_WARN_DIRECT_OBJC_ISA_USAGE = YES_ERROR;
				CLANG_WARN_DOCUMENTATION_COMMENTS = YES;
				CLANG_WARN_EMPTY_BODY = YES;
				CLANG_WARN_ENUM_CONVERSION = YES;
				CLANG_WARN_INFINITE_RECURSION = YES;
				CLANG_WARN_INT_CONVERSION = YES;
				CLANG_WARN_NON_LITERAL_NULL_CONVERSION = YES;
				CLANG_WARN_OBJC_IMPLICIT_RETAIN_SELF = YES;
				CLANG_WARN_OBJC_LITERAL_CONVERSION = YES;
				CLANG_WARN_OBJC_ROOT_CLASS = YES_ERROR;
				CLANG_WARN_RANGE_LOOP_ANALYSIS = YES;
				CLANG_WARN_STRICT_PROTOTYPES = YES;
				CLANG_WARN_SUSPICIOUS_MOVE = YES;
				CLANG_WARN_UNGUARDED_AVAILABILITY = YES_AGGRESSIVE;
				CLANG_WARN_UNREACHABLE_CODE = YES;
				CLANG_WARN__DUPLICATE_METHOD_MATCH = YES;
				COPY_PHASE_STRIP = NO;
				DEBUG_INFORMATION_FORMAT = "dwarf-with-dsym";
				ENABLE_NS_ASSERTIONS = NO;
				ENABLE_STRICT_OBJC_MSGSEND = YES;
				GCC_C_LANGUAGE_STANDARD = gnu11;
				GCC_NO_COMMON_BLOCKS = YES;
				GCC_WARN_64_TO_32_BIT_CONVERSION = YES;
				GCC_WARN_ABOUT_RETURN_TYPE = YES_ERROR;
				GCC_WARN_UNDECLARED_SELECTOR = YES;
				GCC_WARN_UNINITIALIZED_AUTOS = YES_AGGRESSIVE;
				GCC_WARN_UNUSED_FUNCTION = YES;
				GCC_WARN_UNUSED_VARIABLE = YES;
				IPHONEOS_DEPLOYMENT_TARGET = 13.2;
				MTL_ENABLE_DEBUG_INFO = NO;
				MTL_FAST_MATH = YES;
				SDKROOT = iphoneos;
				SWIFT_COMPILATION_MODE = wholemodule;
				SWIFT_OPTIMIZATION_LEVEL = "-O";
				VALIDATE_PRODUCT = YES;
			};
			name = Release;
		};
		400B4F3923DCF6BA00511C1D /* Debug */ = {
			isa = XCBuildConfiguration;
			buildSettings = {
				ASSETCATALOG_COMPILER_APPICON_NAME = AppIcon;
				CODE_SIGN_STYLE = Automatic;
				DEVELOPMENT_TEAM = 5ZV646552Y;
				INFOPLIST_FILE = Dealer/Info.plist;
				LD_RUNPATH_SEARCH_PATHS = (
					"$(inherited)",
					"@executable_path/Frameworks",
				);
				PRODUCT_BUNDLE_IDENTIFIER = com.lionsfall.Dealer;
				PRODUCT_NAME = "$(TARGET_NAME)";
				SWIFT_VERSION = 5.0;
				TARGETED_DEVICE_FAMILY = "1,2";
			};
			name = Debug;
		};
		400B4F3A23DCF6BA00511C1D /* Release */ = {
			isa = XCBuildConfiguration;
			buildSettings = {
				ASSETCATALOG_COMPILER_APPICON_NAME = AppIcon;
				CODE_SIGN_STYLE = Automatic;
				DEVELOPMENT_TEAM = 5ZV646552Y;
				INFOPLIST_FILE = Dealer/Info.plist;
				LD_RUNPATH_SEARCH_PATHS = (
					"$(inherited)",
					"@executable_path/Frameworks",
				);
				PRODUCT_BUNDLE_IDENTIFIER = com.lionsfall.Dealer;
				PRODUCT_NAME = "$(TARGET_NAME)";
				SWIFT_VERSION = 5.0;
				TARGETED_DEVICE_FAMILY = "1,2";
			};
			name = Release;
		};
/* End XCBuildConfiguration section */

/* Begin XCConfigurationList section */
		400B4F1F23DCF6B900511C1D /* Build configuration list for PBXProject "Dealer" */ = {
			isa = XCConfigurationList;
			buildConfigurations = (
				400B4F3623DCF6BA00511C1D /* Debug */,
				400B4F3723DCF6BA00511C1D /* Release */,
			);
			defaultConfigurationIsVisible = 0;
			defaultConfigurationName = Release;
		};
		400B4F3823DCF6BA00511C1D /* Build configuration list for PBXNativeTarget "Dealer" */ = {
			isa = XCConfigurationList;
			buildConfigurations = (
				400B4F3923DCF6BA00511C1D /* Debug */,
				400B4F3A23DCF6BA00511C1D /* Release */,
			);
			defaultConfigurationIsVisible = 0;
			defaultConfigurationName = Release;
		};
/* End XCConfigurationList section */
	};
	rootObject = 400B4F1C23DCF6B900511C1D /* Project object */;
}
